cloud.google.com/go v0.34.0/go.mod h1:aQUYkXzVsufM+DwF1aE+0xfcU+56JwCaLick0ClmMTw=
github.com/LoveKino/model_obrero v0.0.0-20200927150556-5c16b1b753c2 h1:mJUzhvlgcm/jc6rkeIvjhLMkpDcKMg92AF9lx1jbjoY=
github.com/LoveKino/model_obrero v0.0.0-20200927150556-5c16b1b753c2/go.mod h1:IzCl70JLkvq5+OBcRJ5c29BtfVSnrCltpl2LXaP/Bd4=
github.com/LoveKino/model_sql v0.0.0-20201024071611-9250b0f57810 h1:ObeQqfQQqzjbn3GGAfsDmoKEz1Ox/ZvuD+4wcd8FEP4=
github.com/LoveKino/model_sql v0.0.0-20201024071611-9250b0f57810/go.mod h1:3mFvb2mT9BNpQ0ZQ4++gB05WQ7K+UQog1hef+8nnsFw=
github.com/LoveKino/model_sql v0.0.0-20201024135630-e53f46f65590 h1:sJxVBxykuklMsaPP1ogEgHJ4Xo0ntKe7pnU8A3ulrJE=
github.com/LoveKino/model_sql v0.0.0-20201024135630-e53f46f65590/go.mod h1:3mFvb2mT9BNpQ0ZQ4++gB05WQ7K+UQog1hef+8nnsFw=
github.com/LoveKino/model_sql v0.0.0-20201024182425-cf16f0ee3118 h1:j1YRxFKHf6MDL9vYZ/2V24QsvNbckzLFDRSSImJk6MU=
github.com/LoveKino/model_sql v0.0.0-20201024182425-cf16f0ee3118/go.mod h1:3mFvb2mT9BNpQ0ZQ4++gB05WQ7K+UQog1hef+8nnsFw=
github.com/creack/pty v1.1.7/go.mod h1:lj5s0c3V2DBrqTV7llrYr5NG6My20zk30Fl46Y7DoTY=
github.com/creack/pty v1.1.9/go.mod h1:oKZEueFk5CKHvIhNR5MUki03XCEU+Q6VDXinZuGJ33E=
github.com/davecgh/go-spew v1.1.0/go.mod h1:J7Y8YcW2NihsgmVo/mv3lAwl/skON4iLHjSsI+c5H38=
github.com/go-errors/errors v1.0.1 h1:LUHzmkK3GUKUrL/1gfBUxAHzcev3apQlezX/+O7ma6w=
github.com/go-errors/errors v1.0.1/go.mod h1:f4zRHt4oKfwPJE5k8C9vpYG+aDHdBFUsgrm6/TyX73Q=
github.com/go-errors/errors v1.0.2 h1:xMxH9j2fNg/L4hLn/4y3M0IUsn0M6Wbu/Uh9QlOfBh4=
github.com/go-errors/errors v1.0.2/go.mod h1:psDX2osz5VnTOnFWbDeWwS7yejl+uV3FEWEp4lssFEs=
github.com/golang/protobuf v1.2.0/go.mod h1:6lQm79b+lXiMfvg/cZm0SGofjICqVBUtrP5yJMmIC1U=
github.com/kr/pretty v0.2.0 h1:s5hAObm+yFO5uHYt5dYjxi2rXrsnmRpJx4OYvIWUaQs=
github.com/kr/pretty v0.2.0/go.mod h1:ipq/a2n7PKx3OHsz4KJII5eveXtPO4qwEXGdVfWzfnI=
github.com/kr/pty v1.1.1/go.mod h1:pFQYn66WHrOpPYNljwOMqo10TkYh1fy3cYio2l3bCsQ=
github.com/kr/pty v1.1.8/go.mod h1:O1sed60cT9XZ5uDucP5qwvh+TE3NnUj51EiZO/lmSfw=
github.com/kr/text v0.1.0 h1:45sCR5RtlFHMR4UwH9sdQ5TC8v0qDQCHnXt+kaKSTVE=
github.com/kr/text v0.1.0/go.mod h1:4Jbv+DJW3UT/LiOwJeYQe1efqtUx/iVham/4vfdArNI=
github.com/kr/text v0.2.0/go.mod h1:eLer722TekiGuMkidMxC/pM04lWEeraHUUmBw8l2grE=
github.com/lock-free/goaio v0.0.0-20190611034840-9d53a70585c6 h1:2rVS7kkSD7XkGCEXIli2ZEvspuUj+cZetg9RUwO7ftE=
github.com/lock-free/goaio v0.0.0-20190611034840-9d53a70585c6/go.mod h1:7N9IeW7FwDYB2gAWiFP/+bAJDrB0Lg8HDDmi9l5sWkw=
github.com/lock-free/goklog v0.0.0-20190805025942-ee6028c56a50 h1:mvNw67d6oIMhH+1O+oZD4tc03qPPZOj85MmjdX4cGFA=
github.com/lock-free/goklog v0.0.0-20190805025942-ee6028c56a50/go.mod h1:EDTWtX3DcpNFHkSs2pl+UxisB9GJwwYa9z5Zq59G4rU=
github.com/lock-free/gopcp v0.0.0-20190920142302-f39bb882c4f9 h1:AlC1l4WAGnbQju9Zk3osFe1R2Z1ufs89hlh10V9Exec=
github.com/lock-free/gopcp v0.0.0-20190920142302-f39bb882c4f9/go.mod h1:2h3GyZHpYH0CoaPaiWfJuONVknSb5nzaU1Wg26QgQ7U=
github.com/lock-free/gopcp v0.0.0-20201003174023-e1bac94d9ff6 h1:jhTajGNmUWoz6cwwybMGVlqActEH/xEN6+WoUL2m5Kg=
github.com/lock-free/gopcp v0.0.0-20201003174023-e1bac94d9ff6/go.mod h1:oCDdmM8dVF6K1Tp/j1bsgg7/6BOx8kck0uWieRKgOTc=
github.com/lock-free/gopcp_rpc v0.0.0-20190920150227-7d0925f6c026 h1:mY3JSJmZyaWkgYXTnVZgKbKQbXhEaG/3sNzQDnRbdVA=
github.com/lock-free/gopcp_rpc v0.0.0-20190920150227-7d0925f6c026/go.mod h1:2BfNi14c1qP5Df7Pb8nKsU4QVJfTN6nvggkBro5YTIU=
github.com/lock-free/gopcp_rpc v0.0.0-20200122090002-23245d514b9c h1:ejCUaxZqrrankj8kPbovjT9gmBQZOU1zrCDK2jlPF2E=
github.com/lock-free/gopcp_rpc v0.0.0-20200122090002-23245d514b9c/go.mod h1:9gIYtOun127pni1i3Pj6YooXRVz/gbBuGUDQYYV+6HE=
github.com/lock-free/gopcp_rpc v0.0.0-20200122095307-df151075d490 h1:xOYVnQCMkdZ7WsBqwbXV2Oqk3t1Dkmv1F/UJeOskyZY=
github.com/lock-free/gopcp_rpc v0.0.0-20200122095307-df151075d490/go.mod h1:sJ32EiZx9zNPGtfOswp5qQ/oI9wEMz4yFMiQM8BRj7I=
github.com/lock-free/gopcp_rpc v0.0.0-20201003175801-77c2a1124a26 h1:RM8/9qD3clW38GyRpy9iMiOOTNp+nOhsbJ4q2PJgZak=
github.com/lock-free/gopcp_rpc v0.0.0-20201003175801-77c2a1124a26/go.mod h1:y4rN8Q3p91966xzVV7yXG+PVvVvhfWoYWo3jSvy8j94=
github.com/lock-free/gopcp_stream v0.0.0-20190920150102-eae38c487ee2 h1:Xe/hNV3O70UoqfCo2M4KHuxT8IMRCaQyBzJWbnpMF6I=
github.com/lock-free/gopcp_stream v0.0.0-20190920150102-eae38c487ee2/go.mod h1:ozFeZLAmPWsBa3dB4y6PMgg+bb9/wbYfFhri42ylj/0=
github.com/lock-free/gopcp_stream v0.0.0-20201003175511-d557307e2681 h1:OoAEYu9Kg/Ji++tFEtSUL9YbA6FVBW7wW4/76cGRAqM=
github.com/lock-free/gopcp_stream v0.0.0-20201003175511-d557307e2681/go.mod h1:YMd4Y/UkLpEWqngCdSQjmJ4HPFjpNwNEGtEDDzxGYMw=
github.com/lock-free/gopool v0.0.0-20190611034900-329206275cf0 h1:uuCzjJn7tQjlJ1DznRIDePhrTS3QSHCNP7sULz9oESw=
github.com/lock-free/gopool v0.0.0-20190611034900-329206275cf0/go.mod h1:t3gxgFxZ4ezO3eR8lbx431lMFBD98x6hB0hBeuAe0nY=
github.com/lock-free/na_service v0.0.0-20200206153556-051a32c898c4/go.mod h1:z1wlL57XYeWcVV7HNVoSNNcks5MM6NGyZoYxZ4TK938=
github.com/lock-free/obrero v0.0.0-20200206150052-3195ea61ea00/go.mod h1:8PSHPDdZv7npRASHNFZe1+L/1Hs464Tye50rbGxv0xU=
github.com/lock-free/obrero v0.0.0-20200418161421-9affa6d4ec0b/go.mod h1:8PSHPDdZv7npRASHNFZe1+L/1Hs464Tye50rbGxv0xU=
github.com/pmezard/go-difflib v1.0.0/go.mod h1:iKH77koFhYxTK1pcRnkKkqfTogsbg7gZNVY4sRDYZ/4=
github.com/satori/go.uuid v1.2.0 h1:0uYX9dsZ2yD7q2RtLRtPSdGDWzjeM3TbMJP9utgA0ww=
github.com/satori/go.uuid v1.2.0/go.mod h1:dA0hQrYB0VpLJoorglMZABFdXlWrHn1NEOzdhQKdks0=
github.com/stretchr/objx v0.1.0/go.mod h1:HFkY916IF+rwdDfMAkV7OtwuqBVzrE8GR6GFx+wExME=
github.com/stretchr/testify v1.6.1/go.mod h1:6Fq8oRcR53rry900zMqJjRRixrwX3KX962/h/Wwjteg=
golang.org/x/crypto v0.0.0-20190308221718-c2843e01d9a2/go.mod h1:djNgcEr1/C05ACkg1iLfiJU5Ep61QUkGW8qpdssI0+w=
golang.org/x/crypto v0.0.0-20191011191535-87dc89f01550/go.mod h1:yigFU9vqHzYiE8UmvKecakEJjdnWj3jj499lnFckfCI=
golang.org/x/crypto v0.0.0-20200221231518-2aa609cf4a9d/go.mod h1:LzIPMQfyMNhhGPhUkYOs5KpL4U8rLKemX1yGLhDgUto=
golang.org/x/mod v0.1.1-0.20191105210325-c90efee705ee/go.mod h1:QqPTAvyqsEbceGzBzNggFXnrqF1CaUcvgkdR5Ot7KZg=
golang.org/x/mod v0.2.0/go.mod h1:s0Qsj1ACt9ePp/hMypM3fl4fZqREWJwdYDEqhRiZZUA=
golang.org/x/net v0.0.0-20180724234803-3673e40ba225/go.mod h1:mL1N/T3taQHkDXs73rZJwtUhF3w3ftmwwsq0BUmARs4=
golang.org/x/net v0.0.0-20190108225652-1e06a53dbb7e/go.mod h1:mL1N/T3taQHkDXs73rZJwtUhF3w3ftmwwsq0BUmARs4=
golang.org/x/net v0.0.0-20190404232315-eb5bcb51f2a3/go.mod h1:t9HGtf8HONx5eT2rtn7q6eTqICYqUVnKs3thJo3Qplg=
golang.org/x/net v0.0.0-20190620200207-3b0461eec859/go.mod h1:z5CRVTTTmAJ677TzLLGU+0bjPO0LkuOLi4/5GtJWs/s=
golang.org/x/net v0.0.0-20200226121028-0de0cce0169b/go.mod h1:z5CRVTTTmAJ677TzLLGU+0bjPO0LkuOLi4/5GtJWs/s=
golang.org/x/oauth2 v0.0.0-20200107190931-bf48bf16ab8d/go.mod h1:gOpvHmFTYa4IltrdGE7lF6nIHvwfUNPOp7c8zoXwtLw=
golang.org/x/sync v0.0.0-20181221193216-37e7f081c4d4/go.mod h1:RxMgew5VJxzue5/jJTE5uejpjVlOe/izrB70Jof72aM=
golang.org/x/sync v0.0.0-20190423024810-112230192c58/go.mod h1:RxMgew5VJxzue5/jJTE5uejpjVlOe/izrB70Jof72aM=
golang.org/x/sync v0.0.0-20190911185100-cd5d95a43a6e/go.mod h1:RxMgew5VJxzue5/jJTE5uejpjVlOe/izrB70Jof72aM=
golang.org/x/sys v0.0.0-20190215142949-d0b11bdaac8a/go.mod h1:STP8DvDyc/dI5b8T5hshtkjS+E42TnysNCUPdjciGhY=
golang.org/x/sys v0.0.0-20190412213103-97732733099d/go.mod h1:h1NjWce9XRLGQEsW7wpKNCjG9DtNlClVuFLEZdDNbEs=
golang.org/x/sys v0.0.0-20200223170610-d5e6a3e2c0ae/go.mod h1:h1NjWce9XRLGQEsW7wpKNCjG9DtNlClVuFLEZdDNbEs=
golang.org/x/text v0.3.0/go.mod h1:NqM8EUOU14njkJ3fqMW+pc6Ldnwhi/IjpwHt7yyuwOQ=
golang.org/x/text v0.3.2/go.mod h1:bEr9sfX3Q8Zfm5fL9x+3itogRgK3+ptLWKqgva+5dAk=
golang.org/x/tools v0.0.0-20180917221912-90fa682c2a6e/go.mod h1:n7NCudcB/nEzxVGmLbDWY5pfWTLqBcC2KZ6jyYvM4mQ=
golang.org/x/tools v0.0.0-20191119224855-298f0cb1881e/go.mod h1:b+2E5dAYhXwXZwtnZ6UAqBI28+e2cm9otk0dWdXHAEo=
golang.org/x/tools v0.0.0-20200226224502-204d844ad48d/go.mod h1:TB2adYChydJhpapKDTa4BR/hXlZSLoq2Wpct/0txZ28=
golang.org/x/xerrors v0.0.0-20190717185122-a985d3407aa7/go.mod h1:I/5z698sn9Ka8TeJc9MKroUUfqBBauWjQqLJ2OPfmY0=
golang.org/x/xerrors v0.0.0-20191011141410-1b5146add898/go.mod h1:I/5z698sn9Ka8TeJc9MKroUUfqBBauWjQqLJ2OPfmY0=
golang.org/x/xerrors v0.0.0-20191204190536-9bdfabe68543/go.mod h1:I/5z698sn9Ka8TeJc9MKroUUfqBBauWjQqLJ2OPfmY0=
google.golang.org/appengine v1.4.0/go.mod h1:xpcJRLb0r/rnEns0DIKYYv+WjYCduHsrkT7/EB5XEv4=
gopkg.in/check.v1 v0.0.0-20161208181325-20d25e280405/go.mod h1:Co6ibVJAznAaIkqp8huTwlJQCZ016jof/cbN4VW5Yz0=
gopkg.in/check.v1 v1.0.0-20190902080502-41f04d3bba15 h1:YR8cESwS4TdDjEe65xsg0ogRM/Nc3DYOhEAlW+xobZo=
gopkg.in/check.v1 v1.0.0-20190902080502-41f04d3bba15/go.mod h1:Co6ibVJAznAaIkqp8huTwlJQCZ016jof/cbN4VW5Yz0=
gopkg.in/yaml.v3 v3.0.0-20200313102051-9f266ea9e77c/go.mod h1:K4uyk7z7BCEPqu6E+C64Yfv1cQ7kz7rIZviUmN+EgEM=
