# This file is autogenerated, do not edit; changes may be undone by the next 'dep ensure'.


[[projects]]
  branch = "master"
  digest = "1:562fc7c45fb24cd6519f945e4a9a626455c871853ad0cb009908cf4269f9375a"
  name = "github.com/lock-free/goaio"
  packages = ["."]
  pruneopts = "UT"
  revision = "9d53a70585c6663b54f9ce6dfbfce7259ad09e25"

[[projects]]
  branch = "master"
  digest = "1:31d1c2ff282b3dde5e54278bc56002c1f036016ccf50b00b4b28fb3c5fd00dc0"
  name = "github.com/lock-free/gopcp"
  packages = ["."]
  pruneopts = "UT"
  revision = "3129bdd57c91ebee7d25f7397da0729d0f4c5726"

[[projects]]
  branch = "master"
  digest = "1:3df56a4e75dd5e3ba280add186708d87f06c3fe9a204072ae4bf7f24ce07b8e4"
  name = "github.com/lock-free/gopcp_rpc"
  packages = ["."]
  pruneopts = "UT"
  revision = "896efd1d554353325d9c504062ff7302da1bc41d"

[[projects]]
  branch = "master"
  digest = "1:497222e41fd3a8373308768b369a40ea4a41b593288794f2eebfaeafcd7bfdd7"
  name = "github.com/lock-free/gopcp_stream"
  packages = ["."]
  pruneopts = "UT"
  revision = "92cf1b44d563677b8dd7ffe1f730cea2916ea07e"

[[projects]]
  branch = "master"
  digest = "1:9d0f1d5239e82b93dbed4775577e17e45de497982ebe5b6eb0dea1b6c108b04d"
  name = "github.com/lock-free/gopool"
  packages = ["."]
  pruneopts = "UT"
  revision = "329206275cf067eb4e3d868d29b8948dbdc88879"

[[projects]]
  digest = "1:274f67cb6fed9588ea2521ecdac05a6d62a8c51c074c1fccc6a49a40ba80e925"
  name = "github.com/satori/go.uuid"
  packages = ["."]
  pruneopts = "UT"
  revision = "f58768cc1a7a7e77a3bd49e98cdd21419399b6a3"
  version = "v1.2.0"

[solve-meta]
  analyzer-name = "dep"
  analyzer-version = 1
  input-imports = [
    "github.com/lock-free/gopcp",
    "github.com/lock-free/gopcp_rpc",
    "github.com/lock-free/gopcp_stream",
    "github.com/lock-free/gopool",
  ]
  solver-name = "gps-cdcl"
  solver-version = 1
