# This file is autogenerated, do not edit; changes may be undone by the next 'dep ensure'.


[[projects]]
  branch = "master"
  digest = "1:562fc7c45fb24cd6519f945e4a9a626455c871853ad0cb009908cf4269f9375a"
  name = "github.com/lock-free/goaio"
  packages = ["."]
  pruneopts = "UT"
  revision = "9d53a70585c6663b54f9ce6dfbfce7259ad09e25"

[[projects]]
  branch = "master"
  digest = "1:95eee653e5ee8faee62cd8427761127f50ad3e0c9d2c21c8a2cfed1b438826f8"
  name = "github.com/lock-free/gopcp"
  packages = ["."]
  pruneopts = "UT"
  revision = "a1eb8ae43dbcc29ceb1af2fb4756ac43b3d64e63"

[[projects]]
  branch = "master"
  digest = "1:cc72d9e58fa8a335b43cc2778b1029600108e248b9d52b8b92c96b8f92de4800"
  name = "github.com/lock-free/gopcp_rpc"
  packages = ["."]
  pruneopts = "UT"
  revision = "2f511f6abbf0b1777922f118a8ddfc41732f6277"

[[projects]]
  branch = "master"
  digest = "1:ba8b540c3454a7ed57b2eaf60538ce6ef916c3ec800976748bf9ee24d6dbcde1"
  name = "github.com/lock-free/gopcp_stream"
  packages = ["."]
  pruneopts = "UT"
  revision = "b45b7b7610c8e2ab7a3b7d12cbec79ff8e980688"

[[projects]]
  branch = "master"
  digest = "1:9d0f1d5239e82b93dbed4775577e17e45de497982ebe5b6eb0dea1b6c108b04d"
  name = "github.com/lock-free/gopool"
  packages = ["."]
  pruneopts = "UT"
  revision = "329206275cf067eb4e3d868d29b8948dbdc88879"

[[projects]]
  digest = "1:274f67cb6fed9588ea2521ecdac05a6d62a8c51c074c1fccc6a49a40ba80e925"
  name = "github.com/satori/go.uuid"
  packages = ["."]
  pruneopts = "UT"
  revision = "f58768cc1a7a7e77a3bd49e98cdd21419399b6a3"
  version = "v1.2.0"

[solve-meta]
  analyzer-name = "dep"
  analyzer-version = 1
  input-imports = [
    "github.com/lock-free/gopcp",
    "github.com/lock-free/gopcp_rpc",
    "github.com/lock-free/gopcp_stream",
    "github.com/lock-free/gopool",
  ]
  solver-name = "gps-cdcl"
  solver-version = 1
