# This file is autogenerated, do not edit; changes may be undone by the next 'dep ensure'.


[[projects]]
  branch = "master"
  digest = "1:141e42298899ea9afdf79d04031472538584877344c37c8da384e4830453fdca"
  name = "github.com/idata-shopee/goaio"
  packages = ["."]
  pruneopts = "UT"
  revision = "fd8d47c91f1785e6ec220088fa018334e9df3b6b"

[[projects]]
  branch = "master"
  digest = "1:a99b91cdaf3b193940352722e4ee8e3dafeb8b87705efa5bb61bd9627e74246f"
  name = "github.com/idata-shopee/gopcp"
  packages = ["."]
  pruneopts = "UT"
  revision = "46afddfb90bb1b9d14345c8d4c0d3e4ca543819c"

[[projects]]
  branch = "master"
  digest = "1:b952965a6e84795138a0a011e10248282b0d195fa1afc322239d5ea8ea702580"
  name = "github.com/idata-shopee/gopcp_rpc"
  packages = ["."]
  pruneopts = "UT"
  revision = "cd98c5934853f5cb993aead275de1d6df8202dcf"

[[projects]]
  branch = "master"
  digest = "1:b19d9b55357e831e46a048a350887698c7e9b5146a4ef79d4bde5d0b65bec591"
  name = "github.com/idata-shopee/gopcp_stream"
  packages = ["."]
  pruneopts = "UT"
  revision = "b66198216d74bd3d1c4c03dff2503dd138c98ca6"

[[projects]]
  branch = "master"
  digest = "1:ca3681f6e4804d2b2d6ebfb237a2344f3309b61c462f637f03fbb2174f6ce97f"
  name = "github.com/idata-shopee/gopool"
  packages = ["."]
  pruneopts = "UT"
  revision = "e1576262f8643bd2a72e0a615ae31c1f103f6e86"

[[projects]]
  digest = "1:274f67cb6fed9588ea2521ecdac05a6d62a8c51c074c1fccc6a49a40ba80e925"
  name = "github.com/satori/go.uuid"
  packages = ["."]
  pruneopts = "UT"
  revision = "f58768cc1a7a7e77a3bd49e98cdd21419399b6a3"
  version = "v1.2.0"

[solve-meta]
  analyzer-name = "dep"
  analyzer-version = 1
  input-imports = [
    "github.com/idata-shopee/gopcp",
    "github.com/idata-shopee/gopcp_rpc",
    "github.com/idata-shopee/gopcp_stream",
  ]
  solver-name = "gps-cdcl"
  solver-version = 1
